// !$*UTF8*$!
{
	archiveVersion = 1;
	classes = {
	};
	objectVersion = 48;
	objects = {

/* Begin PBXBuildFile section */
		9236C2612061DE9600050A06 /* Terminal.swift in Sources */ = {isa = PBXBuildFile; fileRef = 9236C2602061DE9600050A06 /* Terminal.swift */; };
		9236C2632061E08C00050A06 /* SBObjectProtocol.swift in Sources */ = {isa = PBXBuildFile; fileRef = 9236C2622061E08C00050A06 /* SBObjectProtocol.swift */; };
		9236C2652061E0B800050A06 /* SBApplicationProtocol.swift in Sources */ = {isa = PBXBuildFile; fileRef = 9236C2642061E0B800050A06 /* SBApplicationProtocol.swift */; };
		9236C2672061E78D00050A06 /* cocoapods.svg in Resources */ = {isa = PBXBuildFile; fileRef = 9236C2662061E78D00050A06 /* cocoapods.svg */; };
		B19FD9CD1FD5389100A0864A /* Assets.xcassets in Resources */ = {isa = PBXBuildFile; fileRef = B19FD9CC1FD5389100A0864A /* Assets.xcassets */; };
		B19FD9D61FD538B000A0864A /* main.swift in Sources */ = {isa = PBXBuildFile; fileRef = B19FD9A91FD51BE800A0864A /* main.swift */; };
		B19FD9FE1FD5A14700A0864A /* Finder.swift in Sources */ = {isa = PBXBuildFile; fileRef = B19FD9FD1FD5A14700A0864A /* Finder.swift */; };
/* End PBXBuildFile section */

/* Begin PBXFileReference section */
		9236C2602061DE9600050A06 /* Terminal.swift */ = {isa = PBXFileReference; lastKnownFileType = sourcecode.swift; path = Terminal.swift; sourceTree = "<group>"; };
		9236C2622061E08C00050A06 /* SBObjectProtocol.swift */ = {isa = PBXFileReference; lastKnownFileType = sourcecode.swift; path = SBObjectProtocol.swift; sourceTree = "<group>"; };
		9236C2642061E0B800050A06 /* SBApplicationProtocol.swift */ = {isa = PBXFileReference; lastKnownFileType = sourcecode.swift; path = SBApplicationProtocol.swift; sourceTree = "<group>"; };
		9236C2662061E78D00050A06 /* cocoapods.svg */ = {isa = PBXFileReference; fileEncoding = 4; lastKnownFileType = text; path = cocoapods.svg; sourceTree = "<group>"; };
		B19FD9A91FD51BE800A0864A /* main.swift */ = {isa = PBXFileReference; indentWidth = 4; lastKnownFileType = sourcecode.swift; path = main.swift; sourceTree = "<group>"; };
		B19FD9B11FD51BFE00A0864A /* ScriptingBridge.framework */ = {isa = PBXFileReference; lastKnownFileType = wrapper.framework; name = ScriptingBridge.framework; path = System/Library/Frameworks/ScriptingBridge.framework; sourceTree = SDKROOT; };
		B19FD9C81FD5389100A0864A /* PodInstall.app */ = {isa = PBXFileReference; explicitFileType = wrapper.application; includeInIndex = 0; path = PodInstall.app; sourceTree = BUILT_PRODUCTS_DIR; };
		B19FD9CC1FD5389100A0864A /* Assets.xcassets */ = {isa = PBXFileReference; lastKnownFileType = folder.assetcatalog; path = Assets.xcassets; sourceTree = "<group>"; };
		B19FD9D11FD5389100A0864A /* Info.plist */ = {isa = PBXFileReference; lastKnownFileType = text.plist.xml; path = Info.plist; sourceTree = "<group>"; };
		B19FD9D21FD5389100A0864A /* OpenTerminalApp.entitlements */ = {isa = PBXFileReference; lastKnownFileType = text.plist.entitlements; path = OpenTerminalApp.entitlements; sourceTree = "<group>"; };
		B19FD9E81FD5538800A0864A /* CoreServices.framework */ = {isa = PBXFileReference; lastKnownFileType = wrapper.framework; name = CoreServices.framework; path = System/Library/Frameworks/CoreServices.framework; sourceTree = SDKROOT; };
		B19FD9FD1FD5A14700A0864A /* Finder.swift */ = {isa = PBXFileReference; lastKnownFileType = sourcecode.swift; path = Finder.swift; sourceTree = "<group>"; };
/* End PBXFileReference section */

/* Begin PBXFrameworksBuildPhase section */
		B19FD9C51FD5389100A0864A /* Frameworks */ = {
			isa = PBXFrameworksBuildPhase;
			buildActionMask = 2147483647;
			files = (
			);
			runOnlyForDeploymentPostprocessing = 0;
		};
/* End PBXFrameworksBuildPhase section */

/* Begin PBXGroup section */
		B190DB071FDA885400F273D1 /* Sources */ = {
			isa = PBXGroup;
			children = (
				B19FD9A81FD51BE800A0864A /* PodInstall */,
			);
			path = Sources;
			sourceTree = "<group>";
		};
		B19FD99D1FD51BE800A0864A = {
			isa = PBXGroup;
			children = (
				B190DB071FDA885400F273D1 /* Sources */,
				B19FD9FA1FD595D600A0864A /* Resources */,
				B19FD9A71FD51BE800A0864A /* Products */,
				B19FD9B01FD51BFD00A0864A /* Frameworks */,
			);
			sourceTree = "<group>";
			usesTabs = 1;
		};
		B19FD9A71FD51BE800A0864A /* Products */ = {
			isa = PBXGroup;
			children = (
				B19FD9C81FD5389100A0864A /* PodInstall.app */,
			);
			name = Products;
			sourceTree = "<group>";
		};
		B19FD9A81FD51BE800A0864A /* PodInstall */ = {
			isa = PBXGroup;
			children = (
				B19FD9A91FD51BE800A0864A /* main.swift */,
				B19FD9CC1FD5389100A0864A /* Assets.xcassets */,
				B19FD9D11FD5389100A0864A /* Info.plist */,
				B19FD9D21FD5389100A0864A /* OpenTerminalApp.entitlements */,
				B19FD9FC1FD5A06300A0864A /* ScriptingBridge */,
			);
			path = PodInstall;
			sourceTree = "<group>";
		};
		B19FD9B01FD51BFD00A0864A /* Frameworks */ = {
			isa = PBXGroup;
			children = (
				B19FD9E81FD5538800A0864A /* CoreServices.framework */,
				B19FD9B11FD51BFE00A0864A /* ScriptingBridge.framework */,
			);
			name = Frameworks;
			sourceTree = "<group>";
		};
		B19FD9FA1FD595D600A0864A /* Resources */ = {
			isa = PBXGroup;
			children = (
				9236C2662061E78D00050A06 /* cocoapods.svg */,
			);
			path = Resources;
			sourceTree = "<group>";
		};
		B19FD9FC1FD5A06300A0864A /* ScriptingBridge */ = {
			isa = PBXGroup;
			children = (
				B19FD9FD1FD5A14700A0864A /* Finder.swift */,
				9236C2602061DE9600050A06 /* Terminal.swift */,
				9236C2622061E08C00050A06 /* SBObjectProtocol.swift */,
				9236C2642061E0B800050A06 /* SBApplicationProtocol.swift */,
			);
			path = ScriptingBridge;
			sourceTree = "<group>";
		};
/* End PBXGroup section */

/* Begin PBXNativeTarget section */
		B19FD9C71FD5389100A0864A /* PodInstall */ = {
			isa = PBXNativeTarget;
			buildConfigurationList = B19FD9D31FD5389100A0864A /* Build configuration list for PBXNativeTarget "PodInstall" */;
			buildPhases = (
				B19FD9C41FD5389100A0864A /* Sources */,
				B19FD9C51FD5389100A0864A /* Frameworks */,
				B19FD9C61FD5389100A0864A /* Resources */,
			);
			buildRules = (
			);
			dependencies = (
			);
			name = PodInstall;
			productName = OpenTerminalApp;
			productReference = B19FD9C81FD5389100A0864A /* PodInstall.app */;
			productType = "com.apple.product-type.application";
		};
/* End PBXNativeTarget section */

/* Begin PBXProject section */
		B19FD99E1FD51BE800A0864A /* Project object */ = {
			isa = PBXProject;
			attributes = {
				LastSwiftUpdateCheck = 0910;
				LastUpgradeCheck = 0910;
				ORGANIZATIONNAME = SLON;
				TargetAttributes = {
					B19FD9C71FD5389100A0864A = {
						CreatedOnToolsVersion = 9.1;
						ProvisioningStyle = Automatic;
						SystemCapabilities = {
							com.apple.Sandbox = {
								enabled = 0;
							};
						};
					};
				};
			};
			buildConfigurationList = B19FD9A11FD51BE800A0864A /* Build configuration list for PBXProject "PodInstall" */;
			compatibilityVersion = "Xcode 8.0";
			developmentRegion = en;
			hasScannedForEncodings = 0;
			knownRegions = (
				en,
				Base,
			);
			mainGroup = B19FD99D1FD51BE800A0864A;
			productRefGroup = B19FD9A71FD51BE800A0864A /* Products */;
			projectDirPath = "";
			projectRoot = "";
			targets = (
				B19FD9C71FD5389100A0864A /* PodInstall */,
			);
		};
/* End PBXProject section */

/* Begin PBXResourcesBuildPhase section */
		B19FD9C61FD5389100A0864A /* Resources */ = {
			isa = PBXResourcesBuildPhase;
			buildActionMask = 2147483647;
			files = (
				9236C2672061E78D00050A06 /* cocoapods.svg in Resources */,
				B19FD9CD1FD5389100A0864A /* Assets.xcassets in Resources */,
			);
			runOnlyForDeploymentPostprocessing = 0;
		};
/* End PBXResourcesBuildPhase section */

/* Begin PBXSourcesBuildPhase section */
		B19FD9C41FD5389100A0864A /* Sources */ = {
			isa = PBXSourcesBuildPhase;
			buildActionMask = 2147483647;
			files = (
				9236C2612061DE9600050A06 /* Terminal.swift in Sources */,
				B19FD9FE1FD5A14700A0864A /* Finder.swift in Sources */,
				9236C2652061E0B800050A06 /* SBApplicationProtocol.swift in Sources */,
				B19FD9D61FD538B000A0864A /* main.swift in Sources */,
				9236C2632061E08C00050A06 /* SBObjectProtocol.swift in Sources */,
			);
			runOnlyForDeploymentPostprocessing = 0;
		};
/* End PBXSourcesBuildPhase section */

/* Begin XCBuildConfiguration section */
		B19FD9AB1FD51BE800A0864A /* Debug */ = {
			isa = XCBuildConfiguration;
			buildSettings = {
				ALWAYS_SEARCH_USER_PATHS = NO;
				CLANG_ANALYZER_NONNULL = YES;
				CLANG_ANALYZER_NUMBER_OBJECT_CONVERSION = YES_AGGRESSIVE;
				CLANG_CXX_LANGUAGE_STANDARD = "gnu++14";
				CLANG_CXX_LIBRARY = "libc++";
				CLANG_ENABLE_MODULES = YES;
				CLANG_ENABLE_OBJC_ARC = YES;
				CLANG_WARN_BLOCK_CAPTURE_AUTORELEASING = YES;
				CLANG_WARN_BOOL_CONVERSION = YES;
				CLANG_WARN_COMMA = YES;
				CLANG_WARN_CONSTANT_CONVERSION = YES;
				CLANG_WARN_DIRECT_OBJC_ISA_USAGE = YES_ERROR;
				CLANG_WARN_DOCUMENTATION_COMMENTS = YES;
				CLANG_WARN_EMPTY_BODY = YES;
				CLANG_WARN_ENUM_CONVERSION = YES;
				CLANG_WARN_INFINITE_RECURSION = YES;
				CLANG_WARN_INT_CONVERSION = YES;
				CLANG_WARN_NON_LITERAL_NULL_CONVERSION = YES;
				CLANG_WARN_OBJC_LITERAL_CONVERSION = YES;
				CLANG_WARN_OBJC_ROOT_CLASS = YES_ERROR;
				CLANG_WARN_RANGE_LOOP_ANALYSIS = YES;
				CLANG_WARN_STRICT_PROTOTYPES = YES;
				CLANG_WARN_SUSPICIOUS_MOVE = YES;
				CLANG_WARN_UNGUARDED_AVAILABILITY = YES_AGGRESSIVE;
				CLANG_WARN_UNREACHABLE_CODE = YES;
				CLANG_WARN__DUPLICATE_METHOD_MATCH = YES;
				CODE_SIGN_IDENTITY = "Mac Developer";
				COPY_PHASE_STRIP = NO;
				DEBUG_INFORMATION_FORMAT = dwarf;
				ENABLE_STRICT_OBJC_MSGSEND = YES;
				ENABLE_TESTABILITY = YES;
				GCC_C_LANGUAGE_STANDARD = gnu11;
				GCC_DYNAMIC_NO_PIC = NO;
				GCC_NO_COMMON_BLOCKS = YES;
				GCC_OPTIMIZATION_LEVEL = 0;
				GCC_PREPROCESSOR_DEFINITIONS = (
					"DEBUG=1",
					"$(inherited)",
				);
				GCC_WARN_64_TO_32_BIT_CONVERSION = YES;
				GCC_WARN_ABOUT_RETURN_TYPE = YES_ERROR;
				GCC_WARN_UNDECLARED_SELECTOR = YES;
				GCC_WARN_UNINITIALIZED_AUTOS = YES_AGGRESSIVE;
				GCC_WARN_UNUSED_FUNCTION = YES;
				GCC_WARN_UNUSED_VARIABLE = YES;
				MACOSX_DEPLOYMENT_TARGET = 10.10;
				MTL_ENABLE_DEBUG_INFO = YES;
				ONLY_ACTIVE_ARCH = YES;
				SDKROOT = macosx;
				SWIFT_ACTIVE_COMPILATION_CONDITIONS = DEBUG;
				SWIFT_OPTIMIZATION_LEVEL = "-Onone";
			};
			name = Debug;
		};
		B19FD9AC1FD51BE800A0864A /* Release */ = {
			isa = XCBuildConfiguration;
			buildSettings = {
				ALWAYS_SEARCH_USER_PATHS = NO;
				CLANG_ANALYZER_NONNULL = YES;
				CLANG_ANALYZER_NUMBER_OBJECT_CONVERSION = YES_AGGRESSIVE;
				CLANG_CXX_LANGUAGE_STANDARD = "gnu++14";
				CLANG_CXX_LIBRARY = "libc++";
				CLANG_ENABLE_MODULES = YES;
				CLANG_ENABLE_OBJC_ARC = YES;
				CLANG_WARN_BLOCK_CAPTURE_AUTORELEASING = YES;
				CLANG_WARN_BOOL_CONVERSION = YES;
				CLANG_WARN_COMMA = YES;
				CLANG_WARN_CONSTANT_CONVERSION = YES;
				CLANG_WARN_DIRECT_OBJC_ISA_USAGE = YES_ERROR;
				CLANG_WARN_DOCUMENTATION_COMMENTS = YES;
				CLANG_WARN_EMPTY_BODY = YES;
				CLANG_WARN_ENUM_CONVERSION = YES;
				CLANG_WARN_INFINITE_RECURSION = YES;
				CLANG_WARN_INT_CONVERSION = YES;
				CLANG_WARN_NON_LITERAL_NULL_CONVERSION = YES;
				CLANG_WARN_OBJC_LITERAL_CONVERSION = YES;
				CLANG_WARN_OBJC_ROOT_CLASS = YES_ERROR;
				CLANG_WARN_RANGE_LOOP_ANALYSIS = YES;
				CLANG_WARN_STRICT_PROTOTYPES = YES;
				CLANG_WARN_SUSPICIOUS_MOVE = YES;
				CLANG_WARN_UNGUARDED_AVAILABILITY = YES_AGGRESSIVE;
				CLANG_WARN_UNREACHABLE_CODE = YES;
				CLANG_WARN__DUPLICATE_METHOD_MATCH = YES;
				CODE_SIGN_IDENTITY = "Mac Developer";
				COPY_PHASE_STRIP = NO;
				DEBUG_INFORMATION_FORMAT = "dwarf-with-dsym";
				ENABLE_NS_ASSERTIONS = NO;
				ENABLE_STRICT_OBJC_MSGSEND = YES;
				GCC_C_LANGUAGE_STANDARD = gnu11;
				GCC_NO_COMMON_BLOCKS = YES;
				GCC_WARN_64_TO_32_BIT_CONVERSION = YES;
				GCC_WARN_ABOUT_RETURN_TYPE = YES_ERROR;
				GCC_WARN_UNDECLARED_SELECTOR = YES;
				GCC_WARN_UNINITIALIZED_AUTOS = YES_AGGRESSIVE;
				GCC_WARN_UNUSED_FUNCTION = YES;
				GCC_WARN_UNUSED_VARIABLE = YES;
				MACOSX_DEPLOYMENT_TARGET = 10.10;
				MTL_ENABLE_DEBUG_INFO = NO;
				SDKROOT = macosx;
				SWIFT_OPTIMIZATION_LEVEL = "-Owholemodule";
			};
			name = Release;
		};
		B19FD9D41FD5389100A0864A /* Debug */ = {
			isa = XCBuildConfiguration;
			buildSettings = {
				ASSETCATALOG_COMPILER_APPICON_NAME = AppIcon;
				CODE_SIGN_IDENTITY = "Mac Developer";
				CODE_SIGN_STYLE = Automatic;
				COMBINE_HIDPI_IMAGES = YES;
				DEVELOPMENT_TEAM = 22AFPHX3AU;
				INFOPLIST_FILE = Sources/OpenTerminal/Info.plist;
				LD_RUNPATH_SEARCH_PATHS = "$(inherited) @executable_path/../Frameworks";
				MACOSX_DEPLOYMENT_TARGET = 10.10;
				PRODUCT_BUNDLE_IDENTIFIER = com.slon.PodInstall;
				PRODUCT_NAME = "$(TARGET_NAME)";
				PROVISIONING_PROFILE_SPECIFIER = "";
				SWIFT_VERSION = 4.0;
			};
			name = Debug;
		};
		B19FD9D51FD5389100A0864A /* Release */ = {
			isa = XCBuildConfiguration;
			buildSettings = {
				ASSETCATALOG_COMPILER_APPICON_NAME = AppIcon;
				CODE_SIGN_IDENTITY = "Mac Developer";
				CODE_SIGN_STYLE = Automatic;
				COMBINE_HIDPI_IMAGES = YES;
				COPY_PHASE_STRIP = YES;
				DEVELOPMENT_TEAM = 22AFPHX3AU;
				INFOPLIST_FILE = Sources/OpenTerminal/Info.plist;
				LD_RUNPATH_SEARCH_PATHS = "$(inherited) @executable_path/../Frameworks";
				MACOSX_DEPLOYMENT_TARGET = 10.10;
				PRODUCT_BUNDLE_IDENTIFIER = com.slon.PodInstall;
				PRODUCT_NAME = "$(TARGET_NAME)";
				PROVISIONING_PROFILE_SPECIFIER = "";
				SWIFT_VERSION = 4.0;
			};
			name = Release;
		};
/* End XCBuildConfiguration section */

/* Begin XCConfigurationList section */
		B19FD9A11FD51BE800A0864A /* Build configuration list for PBXProject "PodInstall" */ = {
			isa = XCConfigurationList;
			buildConfigurations = (
				B19FD9AB1FD51BE800A0864A /* Debug */,
				B19FD9AC1FD51BE800A0864A /* Release */,
			);
			defaultConfigurationIsVisible = 0;
			defaultConfigurationName = Release;
		};
		B19FD9D31FD5389100A0864A /* Build configuration list for PBXNativeTarget "PodInstall" */ = {
			isa = XCConfigurationList;
			buildConfigurations = (
				B19FD9D41FD5389100A0864A /* Debug */,
				B19FD9D51FD5389100A0864A /* Release */,
			);
			defaultConfigurationIsVisible = 0;
			defaultConfigurationName = Release;
		};
/* End XCConfigurationList section */
	};
	rootObject = B19FD99E1FD51BE800A0864A /* Project object */;
}
